# THIS IS AN AUTOGENERATED FILE. DO NOT EDIT THIS FILE DIRECTLY.
# yarn lockfile v1


"@fullcalendar/core@~6.1.8":
  version "6.1.8"
  resolved "https://registry.yarnpkg.com/@fullcalendar/core/-/core-6.1.8.tgz#62008f7b2785dc01f0bf8c2f0c853925eab1c03a"
  integrity sha512-i8JBIvZCWGO9dsMEDcx9bnsQZ9PtGSJdOXGgWbhLaGq2iq41OBdp9g9gM4b/Otv2oK8bL5Gl6CsMmb/HkDtA6Q==
  dependencies:
    preact "~10.12.1"

"@fullcalendar/daygrid@~6.1.8":
  version "6.1.8"
  resolved "https://registry.yarnpkg.com/@fullcalendar/daygrid/-/daygrid-6.1.8.tgz#2ca4a10892f5e2abeac0f8a8ecc8f07c002a4bf4"
  integrity sha512-kCZxQFKb9Vqa3CZRX0v7rMSJ2mlTt4gDpyLfiNJKxUAq7W51uKurPaFZWicaXy1ESHVBxKNlbx5uNjBpyu50JQ==

"@fullcalendar/interaction@~6.1.8":
  version "6.1.8"
  resolved "https://registry.yarnpkg.com/@fullcalendar/interaction/-/interaction-6.1.8.tgz#36c35bd5718f893e8215a45d48a6ef7d5fcc4650"
  integrity sha512-r6W4E9ohaA87M2uPSlmpE2WT7Fzu7LN0u2pE6D/tThruCEaAPbN8Pw5+sqclsuyTIL09mg0eSJm/ggJekTabSA==

"@fullcalendar/list@~6.1.8":
  version "6.1.8"
  resolved "https://registry.yarnpkg.com/@fullcalendar/list/-/list-6.1.8.tgz#69e5efba0cb8416955a3ad1cd7d550345ffaa16d"
  integrity sha512-10N0T/vCtId1cE3JGLpnbAivWVnaWCCkVO7wmbsyr5Y+I939kr/zq4BUNwBoP/xSFVVxx59FETh3iyA+MkV8Fw==

"@fullcalendar/multimonth@~6.1.8":
  version "6.1.8"
  resolved "https://registry.yarnpkg.com/@fullcalendar/multimonth/-/multimonth-6.1.8.tgz#f28bbe35b8114d09969357d4cc9077d9fb17fe24"
  integrity sha512-3F0NlncQTfeE9x5ICxh/M9DaSdY6XjgM1NazY8k+d6ukd1jthHI7vs6j7tXJI9eGUKs3DNNEyzN/LoP06SIyKw==
  dependencies:
    "@fullcalendar/daygrid" "~6.1.8"

"@fullcalendar/timegrid@~6.1.8":
  version "6.1.8"
  resolved "https://registry.yarnpkg.com/@fullcalendar/timegrid/-/timegrid-6.1.8.tgz#30b9860eb900c5dc9b72ceaab98c0728018a0ff1"
  integrity sha512-3+3KHHCoNcaLs/gQt004hAqICbY5+WAffrZ0ePv+80HFB1OVh8BQ5XXLHSOUbTvXdgtUTcfBHuw9fhO31kt5gA==
  dependencies:
    "@fullcalendar/daygrid" "~6.1.8"

biskviit@1.0.1:
  version "1.0.1"
  resolved "https://registry.yarnpkg.com/biskviit/-/biskviit-1.0.1.tgz#037a0cd4b71b9e331fd90a1122de17dc49e420a7"
  integrity sha512-VGCXdHbdbpEkFgtjkeoBN8vRlbj1ZRX2/mxhE8asCCRalUx2nBzOomLJv8Aw/nRt5+ccDb+tPKidg4XxcfGW4w==
  dependencies:
    psl "^1.1.7"

encoding@0.1.12:
  version "0.1.12"
  resolved "https://registry.yarnpkg.com/encoding/-/encoding-0.1.12.tgz#538b66f3ee62cd1ab51ec323829d1f9480c74beb"
  integrity sha512-bl1LAgiQc4ZWr++pNYUdRe/alecaHFeHxIJ/pNciqGdKXghaTCOwKkbKp6ye7pKZGu/GcaSXFk8PBVhgs+dJdA==
  dependencies:
    iconv-lite "~0.4.13"

fetch@^1.1.0:
  version "1.1.0"
  resolved "https://registry.yarnpkg.com/fetch/-/fetch-1.1.0.tgz#0a8279f06be37f9f0ebb567560a30a480da59a2e"
  integrity sha512-5O8TwrGzoNblBG/jtK4NFuZwNCkZX6s5GfRNOaGtm+QGJEuNakSC/i2RW0R93KX6E0jVjNXm6O3CRN4Ql3K+yA==
  dependencies:
    biskviit "1.0.1"
    encoding "0.1.12"

fullcalendar@^6.1.8:
  version "6.1.8"
  resolved "https://registry.yarnpkg.com/fullcalendar/-/fullcalendar-6.1.8.tgz#52b5c73b6214713dbe446587acd4a3feb1f0c4bf"
  integrity sha512-cbIdnInHVjj3fWqGgurbRuo8EFViVcEKpI2NZpGkzaqpnvN0p1ifKyQ9qnSGS2bKr7733z8Tv8T+CRXfnEWVmw==
  dependencies:
    "@fullcalendar/core" "~6.1.8"
    "@fullcalendar/daygrid" "~6.1.8"
    "@fullcalendar/interaction" "~6.1.8"
    "@fullcalendar/list" "~6.1.8"
    "@fullcalendar/multimonth" "~6.1.8"
    "@fullcalendar/timegrid" "~6.1.8"

iconv-lite@~0.4.13:
  version "0.4.24"
  resolved "https://registry.yarnpkg.com/iconv-lite/-/iconv-lite-0.4.24.tgz#2022b4b25fbddc21d2f524974a474aafe733908b"
  integrity sha512-v3MXnZAcvnywkTUEZomIActle7RXXeedOR31wwl7VlyoXO4Qi9arvSenNQWne1TcRwhCL1HwLI21bEqdpj8/rA==
  dependencies:
    safer-buffer ">= 2.1.2 < 3"

preact@~10.12.1:
  version "10.12.1"
  resolved "https://registry.yarnpkg.com/preact/-/preact-10.12.1.tgz#8f9cb5442f560e532729b7d23d42fd1161354a21"
  integrity sha512-l8386ixSsBdbreOAkqtrwqHwdvR35ID8c3rKPa8lCWuO86dBi32QWHV4vfsZK1utLLFMvw+Z5Ad4XLkZzchscg==

psl@^1.1.7:
  version "1.9.0"
  resolved "https://registry.yarnpkg.com/psl/-/psl-1.9.0.tgz#d0df2a137f00794565fcaf3b2c00cd09f8d5a5a7"
  integrity sha512-E/ZsdU4HLs/68gYzgGTkMicWTLPdAftJLfJFlLUAAKZGkStNU72sZjT66SnMDVOfOWY/YAoiD7Jxa9iHvngcag==

"safer-buffer@>= 2.1.2 < 3":
  version "2.1.2"
  resolved "https://registry.yarnpkg.com/safer-buffer/-/safer-buffer-2.1.2.tgz#44fa161b0187b9549dd84bb91802f9bd8385cd6a"
  integrity sha512-YZo3K82SD7Riyi0E1EQPojLz7kpepnSQI9IyPbHHg1XXXevb5dJI7tpyN2ADxGcQbHG7vcyRHk0cbwqcQriUtg==
