
Microsoft Visual Studio Solution File, Format Version 12.00
# Visual Studio Version 17
VisualStudioVersion = 17.2.32630.192
MinimumVisualStudioVersion = 10.0.40219.1
Project("{9A19103F-16F7-4668-BE54-9A1E7A4F7556}") = "LearnMate", "LearnMate\LearnMate.csproj", "{5C8F9952-65F0-4CDE-A1ED-F4A24B7ED657}"
EndProject
Global
	GlobalSection(SolutionConfigurationPlatforms) = preSolution
		Debug|Any CPU = Debug|Any CPU
		Release|Any CPU = Release|Any CPU
	EndGlobalSection
	GlobalSection(ProjectConfigurationPlatforms) = postSolution
		{5C8F9952-65F0-4CDE-A1ED-F4A24B7ED657}.Debug|Any CPU.ActiveCfg = Debug|Any CPU
		{5C8F9952-65F0-4CDE-A1ED-F4A24B7ED657}.Debug|Any CPU.Build.0 = Debug|Any CPU
		{5C8F9952-65F0-4CDE-A1ED-F4A24B7ED657}.Release|Any CPU.ActiveCfg = Release|Any CPU
		{5C8F9952-65F0-4CDE-A1ED-F4A24B7ED657}.Release|Any CPU.Build.0 = Release|Any CPU
	EndGlobalSection
	GlobalSection(SolutionProperties) = preSolution
		HideSolutionNode = FALSE
	EndGlobalSection
	GlobalSection(ExtensibilityGlobals) = postSolution
		SolutionGuid = {8326EDB6-9A38-4076-8ECE-237ECFE1D2D4}
	EndGlobalSection
EndGlobal
